// !$*UTF8*$!
{
	archiveVersion = 1;
	classes = {
	};
	objectVersion = 52;
	objects = {

/* Begin PBXBuildFile section */
		7329008B23D0C7870015C4E4 /* AppsController.swift in Sources */ = {isa = PBXBuildFile; fileRef = 7329008A23D0C7870015C4E4 /* AppsController.swift */; };
		7329008D23D0CAFD0015C4E4 /* AppGroupCell.swift in Sources */ = {isa = PBXBuildFile; fileRef = 7329008C23D0CAFD0015C4E4 /* AppGroupCell.swift */; };
		7329008F23D0CF930015C4E4 /* AppsHorizontalController.swift in Sources */ = {isa = PBXBuildFile; fileRef = 7329008E23D0CF930015C4E4 /* AppsHorizontalController.swift */; };
		7329009123D1D78A0015C4E4 /* AppListCell.swift in Sources */ = {isa = PBXBuildFile; fileRef = 7329009023D1D78A0015C4E4 /* AppListCell.swift */; };
		735D524423C7628D004A96F7 /* SearchResult.swift in Sources */ = {isa = PBXBuildFile; fileRef = 735D524323C7628D004A96F7 /* SearchResult.swift */; };
		735D524623C762AB004A96F7 /* SearchService.swift in Sources */ = {isa = PBXBuildFile; fileRef = 735D524523C762AB004A96F7 /* SearchService.swift */; };
		735D524923C76855004A96F7 /* Nuke in Frameworks */ = {isa = PBXBuildFile; productRef = 735D524823C76855004A96F7 /* Nuke */; };
		738A1EA923BF516600EBA4BB /* AppDelegate.swift in Sources */ = {isa = PBXBuildFile; fileRef = 738A1EA823BF516600EBA4BB /* AppDelegate.swift */; };
		738A1EAD23BF516600EBA4BB /* ViewController.swift in Sources */ = {isa = PBXBuildFile; fileRef = 738A1EAC23BF516600EBA4BB /* ViewController.swift */; };
		738A1EB223BF516700EBA4BB /* Assets.xcassets in Resources */ = {isa = PBXBuildFile; fileRef = 738A1EB123BF516700EBA4BB /* Assets.xcassets */; };
		738A1EB523BF516700EBA4BB /* LaunchScreen.storyboard in Resources */ = {isa = PBXBuildFile; fileRef = 738A1EB323BF516700EBA4BB /* LaunchScreen.storyboard */; };
		738A1EC023BF516700EBA4BB /* AppStoreCloneTests.swift in Sources */ = {isa = PBXBuildFile; fileRef = 738A1EBF23BF516700EBA4BB /* AppStoreCloneTests.swift */; };
		738A1ECB23BF516700EBA4BB /* AppStoreCloneUITests.swift in Sources */ = {isa = PBXBuildFile; fileRef = 738A1ECA23BF516700EBA4BB /* AppStoreCloneUITests.swift */; };
		738A1ED923BF529A00EBA4BB /* TapBarController.swift in Sources */ = {isa = PBXBuildFile; fileRef = 738A1ED823BF529A00EBA4BB /* TapBarController.swift */; };
		73F234BE23C2123E000ED484 /* AppSearchController.swift in Sources */ = {isa = PBXBuildFile; fileRef = 73F234BD23C2123E000ED484 /* AppSearchController.swift */; };
		73F234C023C216A6000ED484 /* SearchListCell.swift in Sources */ = {isa = PBXBuildFile; fileRef = 73F234BF23C216A6000ED484 /* SearchListCell.swift */; };
		73F234D023C21A8D000ED484 /* UILabel+.swift in Sources */ = {isa = PBXBuildFile; fileRef = 73F234C223C21A8D000ED484 /* UILabel+.swift */; };
		73F234D123C21A8D000ED484 /* UIScreen+.swift in Sources */ = {isa = PBXBuildFile; fileRef = 73F234C323C21A8D000ED484 /* UIScreen+.swift */; };
		73F234D223C21A8D000ED484 /* UIViewController+.swift in Sources */ = {isa = PBXBuildFile; fileRef = 73F234C423C21A8D000ED484 /* UIViewController+.swift */; };
		73F234D323C21A8D000ED484 /* Date+.swift in Sources */ = {isa = PBXBuildFile; fileRef = 73F234C523C21A8D000ED484 /* Date+.swift */; };
		73F234D423C21A8D000ED484 /* UIImage+.swift in Sources */ = {isa = PBXBuildFile; fileRef = 73F234C623C21A8D000ED484 /* UIImage+.swift */; };
		73F234D523C21A8D000ED484 /* CALayer+.swift in Sources */ = {isa = PBXBuildFile; fileRef = 73F234C723C21A8D000ED484 /* CALayer+.swift */; };
		73F234D623C21A8D000ED484 /* UIDevice+.swift in Sources */ = {isa = PBXBuildFile; fileRef = 73F234C823C21A8D000ED484 /* UIDevice+.swift */; };
		73F234D723C21A8D000ED484 /* UIStackView+.swift in Sources */ = {isa = PBXBuildFile; fileRef = 73F234C923C21A8D000ED484 /* UIStackView+.swift */; };
		73F234D823C21A8D000ED484 /* UIView+Stackview.swift in Sources */ = {isa = PBXBuildFile; fileRef = 73F234CA23C21A8D000ED484 /* UIView+Stackview.swift */; };
		73F234D923C21A8D000ED484 /* UIColor+.swift in Sources */ = {isa = PBXBuildFile; fileRef = 73F234CB23C21A8D000ED484 /* UIColor+.swift */; };
		73F234DA23C21A8D000ED484 /* String+.swift in Sources */ = {isa = PBXBuildFile; fileRef = 73F234CC23C21A8D000ED484 /* String+.swift */; };
		73F234DB23C21A8D000ED484 /* UIView+.swift in Sources */ = {isa = PBXBuildFile; fileRef = 73F234CD23C21A8D000ED484 /* UIView+.swift */; };
		73F234DC23C21A8D000ED484 /* FaceAware in Resources */ = {isa = PBXBuildFile; fileRef = 73F234CE23C21A8D000ED484 /* FaceAware */; };
		73F234DD23C21A8D000ED484 /* UITableView+.swift in Sources */ = {isa = PBXBuildFile; fileRef = 73F234CF23C21A8D000ED484 /* UITableView+.swift */; };
		73F234DF23C21AF2000ED484 /* ViewBuilder.swift in Sources */ = {isa = PBXBuildFile; fileRef = 73F234DE23C21AF2000ED484 /* ViewBuilder.swift */; };
		890219AB2565676500DCACD7 /* AppsHeaderHorizontalController.swift in Sources */ = {isa = PBXBuildFile; fileRef = 890219AA2565676500DCACD7 /* AppsHeaderHorizontalController.swift */; };
		890219B02565680B00DCACD7 /* AppsHeaderCell.swift in Sources */ = {isa = PBXBuildFile; fileRef = 890219AF2565680B00DCACD7 /* AppsHeaderCell.swift */; };
		89350409256A98AD00B0ADE0 /* AppGroup.swift in Sources */ = {isa = PBXBuildFile; fileRef = 89350408256A98AD00B0ADE0 /* AppGroup.swift */; };
		89F81C88257B65AC0074E59C /* SnappingLayout.swift in Sources */ = {isa = PBXBuildFile; fileRef = 89F81C87257B65AC0074E59C /* SnappingLayout.swift */; };
		89F81C8D257B660C0074E59C /* HorizontalSnappingController.swift in Sources */ = {isa = PBXBuildFile; fileRef = 89F81C8C257B660C0074E59C /* HorizontalSnappingController.swift */; };
		89F81C93257B69360074E59C /* Reviews.swift in Sources */ = {isa = PBXBuildFile; fileRef = 89F81C92257B69360074E59C /* Reviews.swift */; };
		89F81C9B257B6A6C0074E59C /* AppDetailController.swift in Sources */ = {isa = PBXBuildFile; fileRef = 89F81C9A257B6A6C0074E59C /* AppDetailController.swift */; };
		89F81CB5257B6CD90074E59C /* PreviewCell.swift in Sources */ = {isa = PBXBuildFile; fileRef = 89F81CB1257B6CD90074E59C /* PreviewCell.swift */; };
		89F81CB6257B6CD90074E59C /* ReviewRowCell.swift in Sources */ = {isa = PBXBuildFile; fileRef = 89F81CB2257B6CD90074E59C /* ReviewRowCell.swift */; };
		89F81CB7257B6CD90074E59C /* AppDetailCell.swift in Sources */ = {isa = PBXBuildFile; fileRef = 89F81CB3257B6CD90074E59C /* AppDetailCell.swift */; };
		89F81CB8257B6CD90074E59C /* ReviewCell.swift in Sources */ = {isa = PBXBuildFile; fileRef = 89F81CB4257B6CD90074E59C /* ReviewCell.swift */; };
		89F81CBD257B6D5B0074E59C /* UIImageView+.swift in Sources */ = {isa = PBXBuildFile; fileRef = 89F81CBC257B6D5B0074E59C /* UIImageView+.swift */; };
		89F81CC2257B73300074E59C /* PreviewScreenshotsController.swift in Sources */ = {isa = PBXBuildFile; fileRef = 89F81CC1257B73300074E59C /* PreviewScreenshotsController.swift */; };
		89F81CC7257B74930074E59C /* ReviewsController.swift in Sources */ = {isa = PBXBuildFile; fileRef = 89F81CC6257B74930074E59C /* ReviewsController.swift */; };
		89F81CE1257CB3500074E59C /* WoodPeckeriOS.framework in Frameworks */ = {isa = PBXBuildFile; fileRef = 89F81CD5257CB2300074E59C /* WoodPeckeriOS.framework */; };
		89F81CE2257CB3500074E59C /* WoodPeckeriOS.framework in Embed Frameworks */ = {isa = PBXBuildFile; fileRef = 89F81CD5257CB2300074E59C /* WoodPeckeriOS.framework */; settings = {ATTRIBUTES = (CodeSignOnCopy, RemoveHeadersOnCopy, ); }; };
/* End PBXBuildFile section */

/* Begin PBXContainerItemProxy section */
		738A1EBC23BF516700EBA4BB /* PBXContainerItemProxy */ = {
			isa = PBXContainerItemProxy;
			containerPortal = 738A1E9D23BF516600EBA4BB /* Project object */;
			proxyType = 1;
			remoteGlobalIDString = 738A1EA423BF516600EBA4BB;
			remoteInfo = AppStoreClone;
		};
		738A1EC723BF516700EBA4BB /* PBXContainerItemProxy */ = {
			isa = PBXContainerItemProxy;
			containerPortal = 738A1E9D23BF516600EBA4BB /* Project object */;
			proxyType = 1;
			remoteGlobalIDString = 738A1EA423BF516600EBA4BB;
			remoteInfo = AppStoreClone;
		};
/* End PBXContainerItemProxy section */

/* Begin PBXCopyFilesBuildPhase section */
		89F81CE3257CB3500074E59C /* Embed Frameworks */ = {
			isa = PBXCopyFilesBuildPhase;
			buildActionMask = 2147483647;
			dstPath = "";
			dstSubfolderSpec = 10;
			files = (
				89F81CE2257CB3500074E59C /* WoodPeckeriOS.framework in Embed Frameworks */,
			);
			name = "Embed Frameworks";
			runOnlyForDeploymentPostprocessing = 0;
		};
/* End PBXCopyFilesBuildPhase section */

/* Begin PBXFileReference section */
		7329008A23D0C7870015C4E4 /* AppsController.swift */ = {isa = PBXFileReference; lastKnownFileType = sourcecode.swift; path = AppsController.swift; sourceTree = "<group>"; };
		7329008C23D0CAFD0015C4E4 /* AppGroupCell.swift */ = {isa = PBXFileReference; lastKnownFileType = sourcecode.swift; path = AppGroupCell.swift; sourceTree = "<group>"; };
		7329008E23D0CF930015C4E4 /* AppsHorizontalController.swift */ = {isa = PBXFileReference; lastKnownFileType = sourcecode.swift; path = AppsHorizontalController.swift; sourceTree = "<group>"; };
		7329009023D1D78A0015C4E4 /* AppListCell.swift */ = {isa = PBXFileReference; lastKnownFileType = sourcecode.swift; path = AppListCell.swift; sourceTree = "<group>"; };
		735D524323C7628D004A96F7 /* SearchResult.swift */ = {isa = PBXFileReference; lastKnownFileType = sourcecode.swift; path = SearchResult.swift; sourceTree = "<group>"; };
		735D524523C762AB004A96F7 /* SearchService.swift */ = {isa = PBXFileReference; lastKnownFileType = sourcecode.swift; path = SearchService.swift; sourceTree = "<group>"; };
		738A1EA523BF516600EBA4BB /* AppStoreClone.app */ = {isa = PBXFileReference; explicitFileType = wrapper.application; includeInIndex = 0; path = AppStoreClone.app; sourceTree = BUILT_PRODUCTS_DIR; };
		738A1EA823BF516600EBA4BB /* AppDelegate.swift */ = {isa = PBXFileReference; lastKnownFileType = sourcecode.swift; path = AppDelegate.swift; sourceTree = "<group>"; };
		738A1EAC23BF516600EBA4BB /* ViewController.swift */ = {isa = PBXFileReference; lastKnownFileType = sourcecode.swift; path = ViewController.swift; sourceTree = "<group>"; };
		738A1EB123BF516700EBA4BB /* Assets.xcassets */ = {isa = PBXFileReference; lastKnownFileType = folder.assetcatalog; path = Assets.xcassets; sourceTree = "<group>"; };
		738A1EB423BF516700EBA4BB /* Base */ = {isa = PBXFileReference; lastKnownFileType = file.storyboard; name = Base; path = Base.lproj/LaunchScreen.storyboard; sourceTree = "<group>"; };
		738A1EB623BF516700EBA4BB /* Info.plist */ = {isa = PBXFileReference; lastKnownFileType = text.plist.xml; path = Info.plist; sourceTree = "<group>"; };
		738A1EBB23BF516700EBA4BB /* AppStoreCloneTests.xctest */ = {isa = PBXFileReference; explicitFileType = wrapper.cfbundle; includeInIndex = 0; path = AppStoreCloneTests.xctest; sourceTree = BUILT_PRODUCTS_DIR; };
		738A1EBF23BF516700EBA4BB /* AppStoreCloneTests.swift */ = {isa = PBXFileReference; lastKnownFileType = sourcecode.swift; path = AppStoreCloneTests.swift; sourceTree = "<group>"; };
		738A1EC123BF516700EBA4BB /* Info.plist */ = {isa = PBXFileReference; lastKnownFileType = text.plist.xml; path = Info.plist; sourceTree = "<group>"; };
		738A1EC623BF516700EBA4BB /* AppStoreCloneUITests.xctest */ = {isa = PBXFileReference; explicitFileType = wrapper.cfbundle; includeInIndex = 0; path = AppStoreCloneUITests.xctest; sourceTree = BUILT_PRODUCTS_DIR; };
		738A1ECA23BF516700EBA4BB /* AppStoreCloneUITests.swift */ = {isa = PBXFileReference; lastKnownFileType = sourcecode.swift; path = AppStoreCloneUITests.swift; sourceTree = "<group>"; };
		738A1ECC23BF516700EBA4BB /* Info.plist */ = {isa = PBXFileReference; lastKnownFileType = text.plist.xml; path = Info.plist; sourceTree = "<group>"; };
		738A1ED823BF529A00EBA4BB /* TapBarController.swift */ = {isa = PBXFileReference; lastKnownFileType = sourcecode.swift; path = TapBarController.swift; sourceTree = "<group>"; };
		73F234BD23C2123E000ED484 /* AppSearchController.swift */ = {isa = PBXFileReference; lastKnownFileType = sourcecode.swift; path = AppSearchController.swift; sourceTree = "<group>"; };
		73F234BF23C216A6000ED484 /* SearchListCell.swift */ = {isa = PBXFileReference; lastKnownFileType = sourcecode.swift; path = SearchListCell.swift; sourceTree = "<group>"; };
		73F234C223C21A8D000ED484 /* UILabel+.swift */ = {isa = PBXFileReference; fileEncoding = 4; lastKnownFileType = sourcecode.swift; path = "UILabel+.swift"; sourceTree = "<group>"; };
		73F234C323C21A8D000ED484 /* UIScreen+.swift */ = {isa = PBXFileReference; fileEncoding = 4; lastKnownFileType = sourcecode.swift; path = "UIScreen+.swift"; sourceTree = "<group>"; };
		73F234C423C21A8D000ED484 /* UIViewController+.swift */ = {isa = PBXFileReference; fileEncoding = 4; lastKnownFileType = sourcecode.swift; path = "UIViewController+.swift"; sourceTree = "<group>"; };
		73F234C523C21A8D000ED484 /* Date+.swift */ = {isa = PBXFileReference; fileEncoding = 4; lastKnownFileType = sourcecode.swift; path = "Date+.swift"; sourceTree = "<group>"; };
		73F234C623C21A8D000ED484 /* UIImage+.swift */ = {isa = PBXFileReference; fileEncoding = 4; lastKnownFileType = sourcecode.swift; path = "UIImage+.swift"; sourceTree = "<group>"; };
		73F234C723C21A8D000ED484 /* CALayer+.swift */ = {isa = PBXFileReference; fileEncoding = 4; lastKnownFileType = sourcecode.swift; path = "CALayer+.swift"; sourceTree = "<group>"; };
		73F234C823C21A8D000ED484 /* UIDevice+.swift */ = {isa = PBXFileReference; fileEncoding = 4; lastKnownFileType = sourcecode.swift; path = "UIDevice+.swift"; sourceTree = "<group>"; };
		73F234C923C21A8D000ED484 /* UIStackView+.swift */ = {isa = PBXFileReference; fileEncoding = 4; lastKnownFileType = sourcecode.swift; path = "UIStackView+.swift"; sourceTree = "<group>"; };
		73F234CA23C21A8D000ED484 /* UIView+Stackview.swift */ = {isa = PBXFileReference; fileEncoding = 4; lastKnownFileType = sourcecode.swift; path = "UIView+Stackview.swift"; sourceTree = "<group>"; };
		73F234CB23C21A8D000ED484 /* UIColor+.swift */ = {isa = PBXFileReference; fileEncoding = 4; lastKnownFileType = sourcecode.swift; path = "UIColor+.swift"; sourceTree = "<group>"; };
		73F234CC23C21A8D000ED484 /* String+.swift */ = {isa = PBXFileReference; fileEncoding = 4; lastKnownFileType = sourcecode.swift; path = "String+.swift"; sourceTree = "<group>"; };
		73F234CD23C21A8D000ED484 /* UIView+.swift */ = {isa = PBXFileReference; fileEncoding = 4; lastKnownFileType = sourcecode.swift; path = "UIView+.swift"; sourceTree = "<group>"; };
		73F234CE23C21A8D000ED484 /* FaceAware */ = {isa = PBXFileReference; lastKnownFileType = folder; path = FaceAware; sourceTree = "<group>"; };
		73F234CF23C21A8D000ED484 /* UITableView+.swift */ = {isa = PBXFileReference; fileEncoding = 4; lastKnownFileType = sourcecode.swift; path = "UITableView+.swift"; sourceTree = "<group>"; };
		73F234DE23C21AF2000ED484 /* ViewBuilder.swift */ = {isa = PBXFileReference; fileEncoding = 4; lastKnownFileType = sourcecode.swift; path = ViewBuilder.swift; sourceTree = "<group>"; };
		890219AA2565676500DCACD7 /* AppsHeaderHorizontalController.swift */ = {isa = PBXFileReference; lastKnownFileType = sourcecode.swift; path = AppsHeaderHorizontalController.swift; sourceTree = "<group>"; };
		890219AF2565680B00DCACD7 /* AppsHeaderCell.swift */ = {isa = PBXFileReference; lastKnownFileType = sourcecode.swift; path = AppsHeaderCell.swift; sourceTree = "<group>"; };
		89350408256A98AD00B0ADE0 /* AppGroup.swift */ = {isa = PBXFileReference; lastKnownFileType = sourcecode.swift; path = AppGroup.swift; sourceTree = "<group>"; };
		89F81C87257B65AC0074E59C /* SnappingLayout.swift */ = {isa = PBXFileReference; lastKnownFileType = sourcecode.swift; path = SnappingLayout.swift; sourceTree = "<group>"; };
		89F81C8C257B660C0074E59C /* HorizontalSnappingController.swift */ = {isa = PBXFileReference; lastKnownFileType = sourcecode.swift; path = HorizontalSnappingController.swift; sourceTree = "<group>"; };
		89F81C92257B69360074E59C /* Reviews.swift */ = {isa = PBXFileReference; lastKnownFileType = sourcecode.swift; path = Reviews.swift; sourceTree = "<group>"; };
		89F81C9A257B6A6C0074E59C /* AppDetailController.swift */ = {isa = PBXFileReference; lastKnownFileType = sourcecode.swift; path = AppDetailController.swift; sourceTree = "<group>"; };
		89F81CB1257B6CD90074E59C /* PreviewCell.swift */ = {isa = PBXFileReference; fileEncoding = 4; lastKnownFileType = sourcecode.swift; path = PreviewCell.swift; sourceTree = "<group>"; };
		89F81CB2257B6CD90074E59C /* ReviewRowCell.swift */ = {isa = PBXFileReference; fileEncoding = 4; lastKnownFileType = sourcecode.swift; path = ReviewRowCell.swift; sourceTree = "<group>"; };
		89F81CB3257B6CD90074E59C /* AppDetailCell.swift */ = {isa = PBXFileReference; fileEncoding = 4; lastKnownFileType = sourcecode.swift; path = AppDetailCell.swift; sourceTree = "<group>"; };
		89F81CB4257B6CD90074E59C /* ReviewCell.swift */ = {isa = PBXFileReference; fileEncoding = 4; lastKnownFileType = sourcecode.swift; path = ReviewCell.swift; sourceTree = "<group>"; };
		89F81CBC257B6D5B0074E59C /* UIImageView+.swift */ = {isa = PBXFileReference; lastKnownFileType = sourcecode.swift; path = "UIImageView+.swift"; sourceTree = "<group>"; };
		89F81CC1257B73300074E59C /* PreviewScreenshotsController.swift */ = {isa = PBXFileReference; lastKnownFileType = sourcecode.swift; path = PreviewScreenshotsController.swift; sourceTree = "<group>"; };
		89F81CC6257B74930074E59C /* ReviewsController.swift */ = {isa = PBXFileReference; lastKnownFileType = sourcecode.swift; path = ReviewsController.swift; sourceTree = "<group>"; };
		89F81CD5257CB2300074E59C /* WoodPeckeriOS.framework */ = {isa = PBXFileReference; lastKnownFileType = wrapper.framework; path = WoodPeckeriOS.framework; sourceTree = "<group>"; };
/* End PBXFileReference section */

/* Begin PBXFrameworksBuildPhase section */
		738A1EA223BF516600EBA4BB /* Frameworks */ = {
			isa = PBXFrameworksBuildPhase;
			buildActionMask = 2147483647;
			files = (
				735D524923C76855004A96F7 /* Nuke in Frameworks */,
				89F81CE1257CB3500074E59C /* WoodPeckeriOS.framework in Frameworks */,
			);
			runOnlyForDeploymentPostprocessing = 0;
		};
		738A1EB823BF516700EBA4BB /* Frameworks */ = {
			isa = PBXFrameworksBuildPhase;
			buildActionMask = 2147483647;
			files = (
			);
			runOnlyForDeploymentPostprocessing = 0;
		};
		738A1EC323BF516700EBA4BB /* Frameworks */ = {
			isa = PBXFrameworksBuildPhase;
			buildActionMask = 2147483647;
			files = (
			);
			runOnlyForDeploymentPostprocessing = 0;
		};
/* End PBXFrameworksBuildPhase section */

/* Begin PBXGroup section */
		735D524123C7626A004A96F7 /* Model */ = {
			isa = PBXGroup;
			children = (
				735D524323C7628D004A96F7 /* SearchResult.swift */,
				89350408256A98AD00B0ADE0 /* AppGroup.swift */,
				89F81C92257B69360074E59C /* Reviews.swift */,
			);
			path = Model;
			sourceTree = "<group>";
		};
		735D524223C76270004A96F7 /* Service */ = {
			isa = PBXGroup;
			children = (
				735D524523C762AB004A96F7 /* SearchService.swift */,
			);
			path = Service;
			sourceTree = "<group>";
		};
		738A1E9C23BF516600EBA4BB = {
			isa = PBXGroup;
			children = (
				738A1EA723BF516600EBA4BB /* AppStoreClone */,
				738A1EBE23BF516700EBA4BB /* AppStoreCloneTests */,
				738A1EC923BF516700EBA4BB /* AppStoreCloneUITests */,
				738A1EA623BF516600EBA4BB /* Products */,
				89F81CE0257CB3500074E59C /* Frameworks */,
			);
			sourceTree = "<group>";
		};
		738A1EA623BF516600EBA4BB /* Products */ = {
			isa = PBXGroup;
			children = (
				738A1EA523BF516600EBA4BB /* AppStoreClone.app */,
				738A1EBB23BF516700EBA4BB /* AppStoreCloneTests.xctest */,
				738A1EC623BF516700EBA4BB /* AppStoreCloneUITests.xctest */,
			);
			name = Products;
			sourceTree = "<group>";
		};
		738A1EA723BF516600EBA4BB /* AppStoreClone */ = {
			isa = PBXGroup;
			children = (
				735D524223C76270004A96F7 /* Service */,
				735D524123C7626A004A96F7 /* Model */,
				73F234C123C21A6B000ED484 /* Extension */,
				738A1EDB23BF5B1400EBA4BB /* Scenes */,
				738A1EDA23BF543100EBA4BB /* Resource */,
				738A1EA823BF516600EBA4BB /* AppDelegate.swift */,
				738A1EAC23BF516600EBA4BB /* ViewController.swift */,
				738A1EB323BF516700EBA4BB /* LaunchScreen.storyboard */,
				738A1EB623BF516700EBA4BB /* Info.plist */,
				738A1ED823BF529A00EBA4BB /* TapBarController.swift */,
			);
			path = AppStoreClone;
			sourceTree = "<group>";
		};
		738A1EBE23BF516700EBA4BB /* AppStoreCloneTests */ = {
			isa = PBXGroup;
			children = (
				738A1EBF23BF516700EBA4BB /* AppStoreCloneTests.swift */,
				738A1EC123BF516700EBA4BB /* Info.plist */,
			);
			path = AppStoreCloneTests;
			sourceTree = "<group>";
		};
		738A1EC923BF516700EBA4BB /* AppStoreCloneUITests */ = {
			isa = PBXGroup;
			children = (
				738A1ECA23BF516700EBA4BB /* AppStoreCloneUITests.swift */,
				738A1ECC23BF516700EBA4BB /* Info.plist */,
			);
			path = AppStoreCloneUITests;
			sourceTree = "<group>";
		};
		738A1EDA23BF543100EBA4BB /* Resource */ = {
			isa = PBXGroup;
			children = (
				89F81CD5257CB2300074E59C /* WoodPeckeriOS.framework */,
				738A1EB123BF516700EBA4BB /* Assets.xcassets */,
			);
			path = Resource;
			sourceTree = "<group>";
		};
		738A1EDB23BF5B1400EBA4BB /* Scenes */ = {
			isa = PBXGroup;
			children = (
				89F81C91257B68EF0074E59C /* AppDetail */,
				738A1EDE23BF5B2E00EBA4BB /* Apps */,
				738A1EDD23BF5B2800EBA4BB /* Today */,
				738A1EDC23BF5B1F00EBA4BB /* Search */,
			);
			path = Scenes;
			sourceTree = "<group>";
		};
		738A1EDC23BF5B1F00EBA4BB /* Search */ = {
			isa = PBXGroup;
			children = (
				73F234BD23C2123E000ED484 /* AppSearchController.swift */,
				73F234BF23C216A6000ED484 /* SearchListCell.swift */,
			);
			path = Search;
			sourceTree = "<group>";
		};
		738A1EDD23BF5B2800EBA4BB /* Today */ = {
			isa = PBXGroup;
			children = (
			);
			path = Today;
			sourceTree = "<group>";
		};
		738A1EDE23BF5B2E00EBA4BB /* Apps */ = {
			isa = PBXGroup;
			children = (
				89F81CCB257C5E4E0074E59C /* View */,
				7329008A23D0C7870015C4E4 /* AppsController.swift */,
				7329008E23D0CF930015C4E4 /* AppsHorizontalController.swift */,
				890219AA2565676500DCACD7 /* AppsHeaderHorizontalController.swift */,
				89F81C87257B65AC0074E59C /* SnappingLayout.swift */,
				89F81C8C257B660C0074E59C /* HorizontalSnappingController.swift */,
			);
			path = Apps;
			sourceTree = "<group>";
		};
		73F234C123C21A6B000ED484 /* Extension */ = {
			isa = PBXGroup;
			children = (
				73F234C723C21A8D000ED484 /* CALayer+.swift */,
				73F234DE23C21AF2000ED484 /* ViewBuilder.swift */,
				73F234C523C21A8D000ED484 /* Date+.swift */,
				73F234CE23C21A8D000ED484 /* FaceAware */,
				73F234CC23C21A8D000ED484 /* String+.swift */,
				73F234CB23C21A8D000ED484 /* UIColor+.swift */,
				73F234C823C21A8D000ED484 /* UIDevice+.swift */,
				73F234C623C21A8D000ED484 /* UIImage+.swift */,
				73F234C223C21A8D000ED484 /* UILabel+.swift */,
				73F234C323C21A8D000ED484 /* UIScreen+.swift */,
				73F234C923C21A8D000ED484 /* UIStackView+.swift */,
				73F234CF23C21A8D000ED484 /* UITableView+.swift */,
				73F234CD23C21A8D000ED484 /* UIView+.swift */,
				73F234CA23C21A8D000ED484 /* UIView+Stackview.swift */,
				73F234C423C21A8D000ED484 /* UIViewController+.swift */,
				89F81CBC257B6D5B0074E59C /* UIImageView+.swift */,
			);
			path = Extension;
			sourceTree = "<group>";
		};
		89F81C91257B68EF0074E59C /* AppDetail */ = {
			isa = PBXGroup;
			children = (
				89F81CB0257B6CC80074E59C /* view */,
				89F81C9A257B6A6C0074E59C /* AppDetailController.swift */,
				89F81CC1257B73300074E59C /* PreviewScreenshotsController.swift */,
				89F81CC6257B74930074E59C /* ReviewsController.swift */,
			);
			path = AppDetail;
			sourceTree = "<group>";
		};
		89F81CB0257B6CC80074E59C /* view */ = {
			isa = PBXGroup;
			children = (
				89F81CB3257B6CD90074E59C /* AppDetailCell.swift */,
				89F81CB1257B6CD90074E59C /* PreviewCell.swift */,
				89F81CB4257B6CD90074E59C /* ReviewCell.swift */,
				89F81CB2257B6CD90074E59C /* ReviewRowCell.swift */,
			);
			path = view;
			sourceTree = "<group>";
		};
		89F81CCB257C5E4E0074E59C /* View */ = {
			isa = PBXGroup;
			children = (
				7329008C23D0CAFD0015C4E4 /* AppGroupCell.swift */,
				7329009023D1D78A0015C4E4 /* AppListCell.swift */,
				890219AF2565680B00DCACD7 /* AppsHeaderCell.swift */,
			);
			path = View;
			sourceTree = "<group>";
		};
		89F81CE0257CB3500074E59C /* Frameworks */ = {
			isa = PBXGroup;
			children = (
			);
			name = Frameworks;
			sourceTree = "<group>";
		};
/* End PBXGroup section */

/* Begin PBXNativeTarget section */
		738A1EA423BF516600EBA4BB /* AppStoreClone */ = {
			isa = PBXNativeTarget;
			buildConfigurationList = 738A1ECF23BF516700EBA4BB /* Build configuration list for PBXNativeTarget "AppStoreClone" */;
			buildPhases = (
				738A1EA123BF516600EBA4BB /* Sources */,
				738A1EA223BF516600EBA4BB /* Frameworks */,
				738A1EA323BF516600EBA4BB /* Resources */,
				89F81CE3257CB3500074E59C /* Embed Frameworks */,
			);
			buildRules = (
			);
			dependencies = (
			);
			name = AppStoreClone;
			packageProductDependencies = (
				735D524823C76855004A96F7 /* Nuke */,
			);
			productName = AppStoreClone;
			productReference = 738A1EA523BF516600EBA4BB /* AppStoreClone.app */;
			productType = "com.apple.product-type.application";
		};
		738A1EBA23BF516700EBA4BB /* AppStoreCloneTests */ = {
			isa = PBXNativeTarget;
			buildConfigurationList = 738A1ED223BF516700EBA4BB /* Build configuration list for PBXNativeTarget "AppStoreCloneTests" */;
			buildPhases = (
				738A1EB723BF516700EBA4BB /* Sources */,
				738A1EB823BF516700EBA4BB /* Frameworks */,
				738A1EB923BF516700EBA4BB /* Resources */,
			);
			buildRules = (
			);
			dependencies = (
				738A1EBD23BF516700EBA4BB /* PBXTargetDependency */,
			);
			name = AppStoreCloneTests;
			productName = AppStoreCloneTests;
			productReference = 738A1EBB23BF516700EBA4BB /* AppStoreCloneTests.xctest */;
			productType = "com.apple.product-type.bundle.unit-test";
		};
		738A1EC523BF516700EBA4BB /* AppStoreCloneUITests */ = {
			isa = PBXNativeTarget;
			buildConfigurationList = 738A1ED523BF516700EBA4BB /* Build configuration list for PBXNativeTarget "AppStoreCloneUITests" */;
			buildPhases = (
				738A1EC223BF516700EBA4BB /* Sources */,
				738A1EC323BF516700EBA4BB /* Frameworks */,
				738A1EC423BF516700EBA4BB /* Resources */,
			);
			buildRules = (
			);
			dependencies = (
				738A1EC823BF516700EBA4BB /* PBXTargetDependency */,
			);
			name = AppStoreCloneUITests;
			productName = AppStoreCloneUITests;
			productReference = 738A1EC623BF516700EBA4BB /* AppStoreCloneUITests.xctest */;
			productType = "com.apple.product-type.bundle.ui-testing";
		};
/* End PBXNativeTarget section */

/* Begin PBXProject section */
		738A1E9D23BF516600EBA4BB /* Project object */ = {
			isa = PBXProject;
			attributes = {
				LastSwiftUpdateCheck = 1130;
				LastUpgradeCheck = 1130;
				ORGANIZATIONNAME = wonkwh;
				TargetAttributes = {
					738A1EA423BF516600EBA4BB = {
						CreatedOnToolsVersion = 11.3;
					};
					738A1EBA23BF516700EBA4BB = {
						CreatedOnToolsVersion = 11.3;
						TestTargetID = 738A1EA423BF516600EBA4BB;
					};
					738A1EC523BF516700EBA4BB = {
						CreatedOnToolsVersion = 11.3;
						TestTargetID = 738A1EA423BF516600EBA4BB;
					};
				};
			};
			buildConfigurationList = 738A1EA023BF516600EBA4BB /* Build configuration list for PBXProject "AppStoreClone" */;
			compatibilityVersion = "Xcode 9.3";
			developmentRegion = en;
			hasScannedForEncodings = 0;
			knownRegions = (
				en,
				Base,
			);
			mainGroup = 738A1E9C23BF516600EBA4BB;
			packageReferences = (
				735D524723C76855004A96F7 /* XCRemoteSwiftPackageReference "Nuke" */,
			);
			productRefGroup = 738A1EA623BF516600EBA4BB /* Products */;
			projectDirPath = "";
			projectRoot = "";
			targets = (
				738A1EA423BF516600EBA4BB /* AppStoreClone */,
				738A1EBA23BF516700EBA4BB /* AppStoreCloneTests */,
				738A1EC523BF516700EBA4BB /* AppStoreCloneUITests */,
			);
		};
/* End PBXProject section */

/* Begin PBXResourcesBuildPhase section */
		738A1EA323BF516600EBA4BB /* Resources */ = {
			isa = PBXResourcesBuildPhase;
			buildActionMask = 2147483647;
			files = (
				738A1EB523BF516700EBA4BB /* LaunchScreen.storyboard in Resources */,
				73F234DC23C21A8D000ED484 /* FaceAware in Resources */,
				738A1EB223BF516700EBA4BB /* Assets.xcassets in Resources */,
			);
			runOnlyForDeploymentPostprocessing = 0;
		};
		738A1EB923BF516700EBA4BB /* Resources */ = {
			isa = PBXResourcesBuildPhase;
			buildActionMask = 2147483647;
			files = (
			);
			runOnlyForDeploymentPostprocessing = 0;
		};
		738A1EC423BF516700EBA4BB /* Resources */ = {
			isa = PBXResourcesBuildPhase;
			buildActionMask = 2147483647;
			files = (
			);
			runOnlyForDeploymentPostprocessing = 0;
		};
/* End PBXResourcesBuildPhase section */

/* Begin PBXSourcesBuildPhase section */
		738A1EA123BF516600EBA4BB /* Sources */ = {
			isa = PBXSourcesBuildPhase;
			buildActionMask = 2147483647;
			files = (
				89F81CBD257B6D5B0074E59C /* UIImageView+.swift in Sources */,
				73F234D823C21A8D000ED484 /* UIView+Stackview.swift in Sources */,
				7329009123D1D78A0015C4E4 /* AppListCell.swift in Sources */,
				890219AB2565676500DCACD7 /* AppsHeaderHorizontalController.swift in Sources */,
				89F81CB5257B6CD90074E59C /* PreviewCell.swift in Sources */,
				89350409256A98AD00B0ADE0 /* AppGroup.swift in Sources */,
				89F81CB7257B6CD90074E59C /* AppDetailCell.swift in Sources */,
				7329008B23D0C7870015C4E4 /* AppsController.swift in Sources */,
				73F234D323C21A8D000ED484 /* Date+.swift in Sources */,
				735D524423C7628D004A96F7 /* SearchResult.swift in Sources */,
				73F234D023C21A8D000ED484 /* UILabel+.swift in Sources */,
				73F234DD23C21A8D000ED484 /* UITableView+.swift in Sources */,
				73F234DF23C21AF2000ED484 /* ViewBuilder.swift in Sources */,
				7329008D23D0CAFD0015C4E4 /* AppGroupCell.swift in Sources */,
				89F81CB8257B6CD90074E59C /* ReviewCell.swift in Sources */,
				738A1EAD23BF516600EBA4BB /* ViewController.swift in Sources */,
				89F81C9B257B6A6C0074E59C /* AppDetailController.swift in Sources */,
				89F81CB6257B6CD90074E59C /* ReviewRowCell.swift in Sources */,
				73F234D223C21A8D000ED484 /* UIViewController+.swift in Sources */,
				73F234D123C21A8D000ED484 /* UIScreen+.swift in Sources */,
				890219B02565680B00DCACD7 /* AppsHeaderCell.swift in Sources */,
				89F81CC7257B74930074E59C /* ReviewsController.swift in Sources */,
				7329008F23D0CF930015C4E4 /* AppsHorizontalController.swift in Sources */,
				73F234C023C216A6000ED484 /* SearchListCell.swift in Sources */,
				738A1ED923BF529A00EBA4BB /* TapBarController.swift in Sources */,
				73F234D623C21A8D000ED484 /* UIDevice+.swift in Sources */,
				73F234DB23C21A8D000ED484 /* UIView+.swift in Sources */,
				73F234D423C21A8D000ED484 /* UIImage+.swift in Sources */,
				73F234DA23C21A8D000ED484 /* String+.swift in Sources */,
				738A1EA923BF516600EBA4BB /* AppDelegate.swift in Sources */,
				89F81C93257B69360074E59C /* Reviews.swift in Sources */,
				89F81C88257B65AC0074E59C /* SnappingLayout.swift in Sources */,
				73F234D723C21A8D000ED484 /* UIStackView+.swift in Sources */,
				73F234BE23C2123E000ED484 /* AppSearchController.swift in Sources */,
				735D524623C762AB004A96F7 /* SearchService.swift in Sources */,
				89F81CC2257B73300074E59C /* PreviewScreenshotsController.swift in Sources */,
				73F234D523C21A8D000ED484 /* CALayer+.swift in Sources */,
				73F234D923C21A8D000ED484 /* UIColor+.swift in Sources */,
				89F81C8D257B660C0074E59C /* HorizontalSnappingController.swift in Sources */,
			);
			runOnlyForDeploymentPostprocessing = 0;
		};
		738A1EB723BF516700EBA4BB /* Sources */ = {
			isa = PBXSourcesBuildPhase;
			buildActionMask = 2147483647;
			files = (
				738A1EC023BF516700EBA4BB /* AppStoreCloneTests.swift in Sources */,
			);
			runOnlyForDeploymentPostprocessing = 0;
		};
		738A1EC223BF516700EBA4BB /* Sources */ = {
			isa = PBXSourcesBuildPhase;
			buildActionMask = 2147483647;
			files = (
				738A1ECB23BF516700EBA4BB /* AppStoreCloneUITests.swift in Sources */,
			);
			runOnlyForDeploymentPostprocessing = 0;
		};
/* End PBXSourcesBuildPhase section */

/* Begin PBXTargetDependency section */
		738A1EBD23BF516700EBA4BB /* PBXTargetDependency */ = {
			isa = PBXTargetDependency;
			target = 738A1EA423BF516600EBA4BB /* AppStoreClone */;
			targetProxy = 738A1EBC23BF516700EBA4BB /* PBXContainerItemProxy */;
		};
		738A1EC823BF516700EBA4BB /* PBXTargetDependency */ = {
			isa = PBXTargetDependency;
			target = 738A1EA423BF516600EBA4BB /* AppStoreClone */;
			targetProxy = 738A1EC723BF516700EBA4BB /* PBXContainerItemProxy */;
		};
/* End PBXTargetDependency section */

/* Begin PBXVariantGroup section */
		738A1EB323BF516700EBA4BB /* LaunchScreen.storyboard */ = {
			isa = PBXVariantGroup;
			children = (
				738A1EB423BF516700EBA4BB /* Base */,
			);
			name = LaunchScreen.storyboard;
			sourceTree = "<group>";
		};
/* End PBXVariantGroup section */

/* Begin XCBuildConfiguration section */
		738A1ECD23BF516700EBA4BB /* Debug */ = {
			isa = XCBuildConfiguration;
			buildSettings = {
				ALWAYS_SEARCH_USER_PATHS = NO;
				CLANG_ANALYZER_NONNULL = YES;
				CLANG_ANALYZER_NUMBER_OBJECT_CONVERSION = YES_AGGRESSIVE;
				CLANG_CXX_LANGUAGE_STANDARD = "gnu++14";
				CLANG_CXX_LIBRARY = "libc++";
				CLANG_ENABLE_MODULES = YES;
				CLANG_ENABLE_OBJC_ARC = YES;
				CLANG_ENABLE_OBJC_WEAK = YES;
				CLANG_WARN_BLOCK_CAPTURE_AUTORELEASING = YES;
				CLANG_WARN_BOOL_CONVERSION = YES;
				CLANG_WARN_COMMA = YES;
				CLANG_WARN_CONSTANT_CONVERSION = YES;
				CLANG_WARN_DEPRECATED_OBJC_IMPLEMENTATIONS = YES;
				CLANG_WARN_DIRECT_OBJC_ISA_USAGE = YES_ERROR;
				CLANG_WARN_DOCUMENTATION_COMMENTS = YES;
				CLANG_WARN_EMPTY_BODY = YES;
				CLANG_WARN_ENUM_CONVERSION = YES;
				CLANG_WARN_INFINITE_RECURSION = YES;
				CLANG_WARN_INT_CONVERSION = YES;
				CLANG_WARN_NON_LITERAL_NULL_CONVERSION = YES;
				CLANG_WARN_OBJC_IMPLICIT_RETAIN_SELF = YES;
				CLANG_WARN_OBJC_LITERAL_CONVERSION = YES;
				CLANG_WARN_OBJC_ROOT_CLASS = YES_ERROR;
				CLANG_WARN_RANGE_LOOP_ANALYSIS = YES;
				CLANG_WARN_STRICT_PROTOTYPES = YES;
				CLANG_WARN_SUSPICIOUS_MOVE = YES;
				CLANG_WARN_UNGUARDED_AVAILABILITY = YES_AGGRESSIVE;
				CLANG_WARN_UNREACHABLE_CODE = YES;
				CLANG_WARN__DUPLICATE_METHOD_MATCH = YES;
				COPY_PHASE_STRIP = NO;
				DEBUG_INFORMATION_FORMAT = dwarf;
				ENABLE_STRICT_OBJC_MSGSEND = YES;
				ENABLE_TESTABILITY = YES;
				GCC_C_LANGUAGE_STANDARD = gnu11;
				GCC_DYNAMIC_NO_PIC = NO;
				GCC_NO_COMMON_BLOCKS = YES;
				GCC_OPTIMIZATION_LEVEL = 0;
				GCC_PREPROCESSOR_DEFINITIONS = (
					"DEBUG=1",
					"$(inherited)",
				);
				GCC_WARN_64_TO_32_BIT_CONVERSION = YES;
				GCC_WARN_ABOUT_RETURN_TYPE = YES_ERROR;
				GCC_WARN_UNDECLARED_SELECTOR = YES;
				GCC_WARN_UNINITIALIZED_AUTOS = YES_AGGRESSIVE;
				GCC_WARN_UNUSED_FUNCTION = YES;
				GCC_WARN_UNUSED_VARIABLE = YES;
				IPHONEOS_DEPLOYMENT_TARGET = 12.1;
				MTL_ENABLE_DEBUG_INFO = INCLUDE_SOURCE;
				MTL_FAST_MATH = YES;
				ONLY_ACTIVE_ARCH = YES;
				SDKROOT = iphoneos;
				SWIFT_ACTIVE_COMPILATION_CONDITIONS = DEBUG;
				SWIFT_OPTIMIZATION_LEVEL = "-Onone";
			};
			name = Debug;
		};
		738A1ECE23BF516700EBA4BB /* Release */ = {
			isa = XCBuildConfiguration;
			buildSettings = {
				ALWAYS_SEARCH_USER_PATHS = NO;
				CLANG_ANALYZER_NONNULL = YES;
				CLANG_ANALYZER_NUMBER_OBJECT_CONVERSION = YES_AGGRESSIVE;
				CLANG_CXX_LANGUAGE_STANDARD = "gnu++14";
				CLANG_CXX_LIBRARY = "libc++";
				CLANG_ENABLE_MODULES = YES;
				CLANG_ENABLE_OBJC_ARC = YES;
				CLANG_ENABLE_OBJC_WEAK = YES;
				CLANG_WARN_BLOCK_CAPTURE_AUTORELEASING = YES;
				CLANG_WARN_BOOL_CONVERSION = YES;
				CLANG_WARN_COMMA = YES;
				CLANG_WARN_CONSTANT_CONVERSION = YES;
				CLANG_WARN_DEPRECATED_OBJC_IMPLEMENTATIONS = YES;
				CLANG_WARN_DIRECT_OBJC_ISA_USAGE = YES_ERROR;
				CLANG_WARN_DOCUMENTATION_COMMENTS = YES;
				CLANG_WARN_EMPTY_BODY = YES;
				CLANG_WARN_ENUM_CONVERSION = YES;
				CLANG_WARN_INFINITE_RECURSION = YES;
				CLANG_WARN_INT_CONVERSION = YES;
				CLANG_WARN_NON_LITERAL_NULL_CONVERSION = YES;
				CLANG_WARN_OBJC_IMPLICIT_RETAIN_SELF = YES;
				CLANG_WARN_OBJC_LITERAL_CONVERSION = YES;
				CLANG_WARN_OBJC_ROOT_CLASS = YES_ERROR;
				CLANG_WARN_RANGE_LOOP_ANALYSIS = YES;
				CLANG_WARN_STRICT_PROTOTYPES = YES;
				CLANG_WARN_SUSPICIOUS_MOVE = YES;
				CLANG_WARN_UNGUARDED_AVAILABILITY = YES_AGGRESSIVE;
				CLANG_WARN_UNREACHABLE_CODE = YES;
				CLANG_WARN__DUPLICATE_METHOD_MATCH = YES;
				COPY_PHASE_STRIP = NO;
				DEBUG_INFORMATION_FORMAT = "dwarf-with-dsym";
				ENABLE_NS_ASSERTIONS = NO;
				ENABLE_STRICT_OBJC_MSGSEND = YES;
				GCC_C_LANGUAGE_STANDARD = gnu11;
				GCC_NO_COMMON_BLOCKS = YES;
				GCC_WARN_64_TO_32_BIT_CONVERSION = YES;
				GCC_WARN_ABOUT_RETURN_TYPE = YES_ERROR;
				GCC_WARN_UNDECLARED_SELECTOR = YES;
				GCC_WARN_UNINITIALIZED_AUTOS = YES_AGGRESSIVE;
				GCC_WARN_UNUSED_FUNCTION = YES;
				GCC_WARN_UNUSED_VARIABLE = YES;
				IPHONEOS_DEPLOYMENT_TARGET = 12.1;
				MTL_ENABLE_DEBUG_INFO = NO;
				MTL_FAST_MATH = YES;
				SDKROOT = iphoneos;
				SWIFT_COMPILATION_MODE = wholemodule;
				SWIFT_OPTIMIZATION_LEVEL = "-O";
				VALIDATE_PRODUCT = YES;
			};
			name = Release;
		};
		738A1ED023BF516700EBA4BB /* Debug */ = {
			isa = XCBuildConfiguration;
			buildSettings = {
				ASSETCATALOG_COMPILER_APPICON_NAME = AppIcon;
				CODE_SIGN_STYLE = Automatic;
				FRAMEWORK_SEARCH_PATHS = (
					"$(inherited)",
					"$(PROJECT_DIR)",
					"$(PROJECT_DIR)/AppStoreClone/Resource",
				);
				INFOPLIST_FILE = AppStoreClone/Info.plist;
				LD_RUNPATH_SEARCH_PATHS = (
					"$(inherited)",
					"@executable_path/Frameworks",
				);
				PRODUCT_BUNDLE_IDENTIFIER = com.wonkwh.AppStoreClone;
				PRODUCT_NAME = "$(TARGET_NAME)";
				SWIFT_VERSION = 5.0;
				TARGETED_DEVICE_FAMILY = "1,2";
			};
			name = Debug;
		};
		738A1ED123BF516700EBA4BB /* Release */ = {
			isa = XCBuildConfiguration;
			buildSettings = {
				ASSETCATALOG_COMPILER_APPICON_NAME = AppIcon;
				CODE_SIGN_STYLE = Automatic;
				FRAMEWORK_SEARCH_PATHS = (
					"$(inherited)",
					"$(PROJECT_DIR)",
					"$(PROJECT_DIR)/AppStoreClone/Resource",
				);
				INFOPLIST_FILE = AppStoreClone/Info.plist;
				LD_RUNPATH_SEARCH_PATHS = (
					"$(inherited)",
					"@executable_path/Frameworks",
				);
				PRODUCT_BUNDLE_IDENTIFIER = com.wonkwh.AppStoreClone;
				PRODUCT_NAME = "$(TARGET_NAME)";
				SWIFT_VERSION = 5.0;
				TARGETED_DEVICE_FAMILY = "1,2";
			};
			name = Release;
		};
		738A1ED323BF516700EBA4BB /* Debug */ = {
			isa = XCBuildConfiguration;
			buildSettings = {
				ALWAYS_EMBED_SWIFT_STANDARD_LIBRARIES = YES;
				BUNDLE_LOADER = "$(TEST_HOST)";
				CODE_SIGN_STYLE = Automatic;
				INFOPLIST_FILE = AppStoreCloneTests/Info.plist;
				IPHONEOS_DEPLOYMENT_TARGET = 13.2;
				LD_RUNPATH_SEARCH_PATHS = (
					"$(inherited)",
					"@executable_path/Frameworks",
					"@loader_path/Frameworks",
				);
				PRODUCT_BUNDLE_IDENTIFIER = com.wonkwh.AppStoreCloneTests;
				PRODUCT_NAME = "$(TARGET_NAME)";
				SWIFT_VERSION = 5.0;
				TARGETED_DEVICE_FAMILY = "1,2";
				TEST_HOST = "$(BUILT_PRODUCTS_DIR)/AppStoreClone.app/AppStoreClone";
			};
			name = Debug;
		};
		738A1ED423BF516700EBA4BB /* Release */ = {
			isa = XCBuildConfiguration;
			buildSettings = {
				ALWAYS_EMBED_SWIFT_STANDARD_LIBRARIES = YES;
				BUNDLE_LOADER = "$(TEST_HOST)";
				CODE_SIGN_STYLE = Automatic;
				INFOPLIST_FILE = AppStoreCloneTests/Info.plist;
				IPHONEOS_DEPLOYMENT_TARGET = 13.2;
				LD_RUNPATH_SEARCH_PATHS = (
					"$(inherited)",
					"@executable_path/Frameworks",
					"@loader_path/Frameworks",
				);
				PRODUCT_BUNDLE_IDENTIFIER = com.wonkwh.AppStoreCloneTests;
				PRODUCT_NAME = "$(TARGET_NAME)";
				SWIFT_VERSION = 5.0;
				TARGETED_DEVICE_FAMILY = "1,2";
				TEST_HOST = "$(BUILT_PRODUCTS_DIR)/AppStoreClone.app/AppStoreClone";
			};
			name = Release;
		};
		738A1ED623BF516700EBA4BB /* Debug */ = {
			isa = XCBuildConfiguration;
			buildSettings = {
				ALWAYS_EMBED_SWIFT_STANDARD_LIBRARIES = YES;
				CODE_SIGN_STYLE = Automatic;
				INFOPLIST_FILE = AppStoreCloneUITests/Info.plist;
				LD_RUNPATH_SEARCH_PATHS = (
					"$(inherited)",
					"@executable_path/Frameworks",
					"@loader_path/Frameworks",
				);
				PRODUCT_BUNDLE_IDENTIFIER = com.wonkwh.AppStoreCloneUITests;
				PRODUCT_NAME = "$(TARGET_NAME)";
				SWIFT_VERSION = 5.0;
				TARGETED_DEVICE_FAMILY = "1,2";
				TEST_TARGET_NAME = AppStoreClone;
			};
			name = Debug;
		};
		738A1ED723BF516700EBA4BB /* Release */ = {
			isa = XCBuildConfiguration;
			buildSettings = {
				ALWAYS_EMBED_SWIFT_STANDARD_LIBRARIES = YES;
				CODE_SIGN_STYLE = Automatic;
				INFOPLIST_FILE = AppStoreCloneUITests/Info.plist;
				LD_RUNPATH_SEARCH_PATHS = (
					"$(inherited)",
					"@executable_path/Frameworks",
					"@loader_path/Frameworks",
				);
				PRODUCT_BUNDLE_IDENTIFIER = com.wonkwh.AppStoreCloneUITests;
				PRODUCT_NAME = "$(TARGET_NAME)";
				SWIFT_VERSION = 5.0;
				TARGETED_DEVICE_FAMILY = "1,2";
				TEST_TARGET_NAME = AppStoreClone;
			};
			name = Release;
		};
/* End XCBuildConfiguration section */

/* Begin XCConfigurationList section */
		738A1EA023BF516600EBA4BB /* Build configuration list for PBXProject "AppStoreClone" */ = {
			isa = XCConfigurationList;
			buildConfigurations = (
				738A1ECD23BF516700EBA4BB /* Debug */,
				738A1ECE23BF516700EBA4BB /* Release */,
			);
			defaultConfigurationIsVisible = 0;
			defaultConfigurationName = Release;
		};
		738A1ECF23BF516700EBA4BB /* Build configuration list for PBXNativeTarget "AppStoreClone" */ = {
			isa = XCConfigurationList;
			buildConfigurations = (
				738A1ED023BF516700EBA4BB /* Debug */,
				738A1ED123BF516700EBA4BB /* Release */,
			);
			defaultConfigurationIsVisible = 0;
			defaultConfigurationName = Release;
		};
		738A1ED223BF516700EBA4BB /* Build configuration list for PBXNativeTarget "AppStoreCloneTests" */ = {
			isa = XCConfigurationList;
			buildConfigurations = (
				738A1ED323BF516700EBA4BB /* Debug */,
				738A1ED423BF516700EBA4BB /* Release */,
			);
			defaultConfigurationIsVisible = 0;
			defaultConfigurationName = Release;
		};
		738A1ED523BF516700EBA4BB /* Build configuration list for PBXNativeTarget "AppStoreCloneUITests" */ = {
			isa = XCConfigurationList;
			buildConfigurations = (
				738A1ED623BF516700EBA4BB /* Debug */,
				738A1ED723BF516700EBA4BB /* Release */,
			);
			defaultConfigurationIsVisible = 0;
			defaultConfigurationName = Release;
		};
/* End XCConfigurationList section */

/* Begin XCRemoteSwiftPackageReference section */
		735D524723C76855004A96F7 /* XCRemoteSwiftPackageReference "Nuke" */ = {
			isa = XCRemoteSwiftPackageReference;
			repositoryURL = "git@github.com:kean/Nuke.git";
			requirement = {
				kind = upToNextMajorVersion;
				minimumVersion = 8.4.0;
			};
		};
/* End XCRemoteSwiftPackageReference section */

/* Begin XCSwiftPackageProductDependency section */
		735D524823C76855004A96F7 /* Nuke */ = {
			isa = XCSwiftPackageProductDependency;
			package = 735D524723C76855004A96F7 /* XCRemoteSwiftPackageReference "Nuke" */;
			productName = Nuke;
		};
/* End XCSwiftPackageProductDependency section */
	};
	rootObject = 738A1E9D23BF516600EBA4BB /* Project object */;
}
